
Microsoft Visual Studio Solution File, Format Version 12.00
# Visual Studio Version 17
VisualStudioVersion = 17.0.31903.59
MinimumVisualStudioVersion = 10.0.40219.1
Project("{2150E333-8FDC-42A3-9474-1A3956D46DE8}") = "src", "src", "{827E0CD3-B72D-47B6-A68D-7590B98EB39B}"
EndProject
Project("{FAE04EC0-301F-11D3-BF4B-00C04F79EFBC}") = "NOC.Shared", "src\NOC.Shared\NOC.Shared.csproj", "{466B635C-8FA7-432B-B167-5AD2BEED03DA}"
EndProject
Project("{FAE04EC0-301F-11D3-BF4B-00C04F79EFBC}") = "NOC.Web", "src\NOC.Web\NOC.Web.csproj", "{989C9026-CBBD-4160-B732-D3D6198F90D3}"
EndProject
Project("{FAE04EC0-301F-11D3-BF4B-00C04F79EFBC}") = "NOC.Worker.Messaging", "src\NOC.Worker.Messaging\NOC.Worker.Messaging.csproj", "{D35E0C19-EFA9-43FA-AD9B-961E72D61894}"
EndProject
Project("{FAE04EC0-301F-11D3-BF4B-00C04F79EFBC}") = "NOC.Worker.Campaigns", "src\NOC.Worker.Campaigns\NOC.Worker.Campaigns.csproj", "{AE7DDD95-A59A-4AE1-9B3B-F431BB0B8096}"
EndProject
Project("{FAE04EC0-301F-11D3-BF4B-00C04F79EFBC}") = "NOC.Worker.Notifications", "src\NOC.Worker.Notifications\NOC.Worker.Notifications.csproj", "{B4769E20-31BA-42E4-A9AC-F792A41E5203}"
EndProject
Project("{FAE04EC0-301F-11D3-BF4B-00C04F79EFBC}") = "NOC.Worker.AI", "src\NOC.Worker.AI\NOC.Worker.AI.csproj", "{5CC45D06-9FCB-4AB6-93EE-AB5370E7D7A0}"
EndProject
Global
	GlobalSection(SolutionConfigurationPlatforms) = preSolution
		Debug|Any CPU = Debug|Any CPU
		Debug|x64 = Debug|x64
		Debug|x86 = Debug|x86
		Release|Any CPU = Release|Any CPU
		Release|x64 = Release|x64
		Release|x86 = Release|x86
	EndGlobalSection
	GlobalSection(ProjectConfigurationPlatforms) = postSolution
		{466B635C-8FA7-432B-B167-5AD2BEED03DA}.Debug|Any CPU.ActiveCfg = Debug|Any CPU
		{466B635C-8FA7-432B-B167-5AD2BEED03DA}.Debug|Any CPU.Build.0 = Debug|Any CPU
		{466B635C-8FA7-432B-B167-5AD2BEED03DA}.Debug|x64.ActiveCfg = Debug|Any CPU
		{466B635C-8FA7-432B-B167-5AD2BEED03DA}.Debug|x64.Build.0 = Debug|Any CPU
		{466B635C-8FA7-432B-B167-5AD2BEED03DA}.Debug|x86.ActiveCfg = Debug|Any CPU
		{466B635C-8FA7-432B-B167-5AD2BEED03DA}.Debug|x86.Build.0 = Debug|Any CPU
		{466B635C-8FA7-432B-B167-5AD2BEED03DA}.Release|Any CPU.ActiveCfg = Release|Any CPU
		{466B635C-8FA7-432B-B167-5AD2BEED03DA}.Release|Any CPU.Build.0 = Release|Any CPU
		{466B635C-8FA7-432B-B167-5AD2BEED03DA}.Release|x64.ActiveCfg = Release|Any CPU
		{466B635C-8FA7-432B-B167-5AD2BEED03DA}.Release|x64.Build.0 = Release|Any CPU
		{466B635C-8FA7-432B-B167-5AD2BEED03DA}.Release|x86.ActiveCfg = Release|Any CPU
		{466B635C-8FA7-432B-B167-5AD2BEED03DA}.Release|x86.Build.0 = Release|Any CPU
		{989C9026-CBBD-4160-B732-D3D6198F90D3}.Debug|Any CPU.ActiveCfg = Debug|Any CPU
		{989C9026-CBBD-4160-B732-D3D6198F90D3}.Debug|Any CPU.Build.0 = Debug|Any CPU
		{989C9026-CBBD-4160-B732-D3D6198F90D3}.Debug|x64.ActiveCfg = Debug|Any CPU
		{989C9026-CBBD-4160-B732-D3D6198F90D3}.Debug|x64.Build.0 = Debug|Any CPU
		{989C9026-CBBD-4160-B732-D3D6198F90D3}.Debug|x86.ActiveCfg = Debug|Any CPU
		{989C9026-CBBD-4160-B732-D3D6198F90D3}.Debug|x86.Build.0 = Debug|Any CPU
		{989C9026-CBBD-4160-B732-D3D6198F90D3}.Release|Any CPU.ActiveCfg = Release|Any CPU
		{989C9026-CBBD-4160-B732-D3D6198F90D3}.Release|Any CPU.Build.0 = Release|Any CPU
		{989C9026-CBBD-4160-B732-D3D6198F90D3}.Release|x64.ActiveCfg = Release|Any CPU
		{989C9026-CBBD-4160-B732-D3D6198F90D3}.Release|x64.Build.0 = Release|Any CPU
		{989C9026-CBBD-4160-B732-D3D6198F90D3}.Release|x86.ActiveCfg = Release|Any CPU
		{989C9026-CBBD-4160-B732-D3D6198F90D3}.Release|x86.Build.0 = Release|Any CPU
		{D35E0C19-EFA9-43FA-AD9B-961E72D61894}.Debug|Any CPU.ActiveCfg = Debug|Any CPU
		{D35E0C19-EFA9-43FA-AD9B-961E72D61894}.Debug|Any CPU.Build.0 = Debug|Any CPU
		{D35E0C19-EFA9-43FA-AD9B-961E72D61894}.Debug|x64.ActiveCfg = Debug|Any CPU
		{D35E0C19-EFA9-43FA-AD9B-961E72D61894}.Debug|x64.Build.0 = Debug|Any CPU
		{D35E0C19-EFA9-43FA-AD9B-961E72D61894}.Debug|x86.ActiveCfg = Debug|Any CPU
		{D35E0C19-EFA9-43FA-AD9B-961E72D61894}.Debug|x86.Build.0 = Debug|Any CPU
		{D35E0C19-EFA9-43FA-AD9B-961E72D61894}.Release|Any CPU.ActiveCfg = Release|Any CPU
		{D35E0C19-EFA9-43FA-AD9B-961E72D61894}.Release|Any CPU.Build.0 = Release|Any CPU
		{D35E0C19-EFA9-43FA-AD9B-961E72D61894}.Release|x64.ActiveCfg = Release|Any CPU
		{D35E0C19-EFA9-43FA-AD9B-961E72D61894}.Release|x64.Build.0 = Release|Any CPU
		{D35E0C19-EFA9-43FA-AD9B-961E72D61894}.Release|x86.ActiveCfg = Release|Any CPU
		{D35E0C19-EFA9-43FA-AD9B-961E72D61894}.Release|x86.Build.0 = Release|Any CPU
		{AE7DDD95-A59A-4AE1-9B3B-F431BB0B8096}.Debug|Any CPU.ActiveCfg = Debug|Any CPU
		{AE7DDD95-A59A-4AE1-9B3B-F431BB0B8096}.Debug|Any CPU.Build.0 = Debug|Any CPU
		{AE7DDD95-A59A-4AE1-9B3B-F431BB0B8096}.Debug|x64.ActiveCfg = Debug|Any CPU
		{AE7DDD95-A59A-4AE1-9B3B-F431BB0B8096}.Debug|x64.Build.0 = Debug|Any CPU
		{AE7DDD95-A59A-4AE1-9B3B-F431BB0B8096}.Debug|x86.ActiveCfg = Debug|Any CPU
		{AE7DDD95-A59A-4AE1-9B3B-F431BB0B8096}.Debug|x86.Build.0 = Debug|Any CPU
		{AE7DDD95-A59A-4AE1-9B3B-F431BB0B8096}.Release|Any CPU.ActiveCfg = Release|Any CPU
		{AE7DDD95-A59A-4AE1-9B3B-F431BB0B8096}.Release|Any CPU.Build.0 = Release|Any CPU
		{AE7DDD95-A59A-4AE1-9B3B-F431BB0B8096}.Release|x64.ActiveCfg = Release|Any CPU
		{AE7DDD95-A59A-4AE1-9B3B-F431BB0B8096}.Release|x64.Build.0 = Release|Any CPU
		{AE7DDD95-A59A-4AE1-9B3B-F431BB0B8096}.Release|x86.ActiveCfg = Release|Any CPU
		{AE7DDD95-A59A-4AE1-9B3B-F431BB0B8096}.Release|x86.Build.0 = Release|Any CPU
		{B4769E20-31BA-42E4-A9AC-F792A41E5203}.Debug|Any CPU.ActiveCfg = Debug|Any CPU
		{B4769E20-31BA-42E4-A9AC-F792A41E5203}.Debug|Any CPU.Build.0 = Debug|Any CPU
		{B4769E20-31BA-42E4-A9AC-F792A41E5203}.Debug|x64.ActiveCfg = Debug|Any CPU
		{B4769E20-31BA-42E4-A9AC-F792A41E5203}.Debug|x64.Build.0 = Debug|Any CPU
		{B4769E20-31BA-42E4-A9AC-F792A41E5203}.Debug|x86.ActiveCfg = Debug|Any CPU
		{B4769E20-31BA-42E4-A9AC-F792A41E5203}.Debug|x86.Build.0 = Debug|Any CPU
		{B4769E20-31BA-42E4-A9AC-F792A41E5203}.Release|Any CPU.ActiveCfg = Release|Any CPU
		{B4769E20-31BA-42E4-A9AC-F792A41E5203}.Release|Any CPU.Build.0 = Release|Any CPU
		{B4769E20-31BA-42E4-A9AC-F792A41E5203}.Release|x64.ActiveCfg = Release|Any CPU
		{B4769E20-31BA-42E4-A9AC-F792A41E5203}.Release|x64.Build.0 = Release|Any CPU
		{B4769E20-31BA-42E4-A9AC-F792A41E5203}.Release|x86.ActiveCfg = Release|Any CPU
		{B4769E20-31BA-42E4-A9AC-F792A41E5203}.Release|x86.Build.0 = Release|Any CPU
		{5CC45D06-9FCB-4AB6-93EE-AB5370E7D7A0}.Debug|Any CPU.ActiveCfg = Debug|Any CPU
		{5CC45D06-9FCB-4AB6-93EE-AB5370E7D7A0}.Debug|Any CPU.Build.0 = Debug|Any CPU
		{5CC45D06-9FCB-4AB6-93EE-AB5370E7D7A0}.Debug|x64.ActiveCfg = Debug|Any CPU
		{5CC45D06-9FCB-4AB6-93EE-AB5370E7D7A0}.Debug|x64.Build.0 = Debug|Any CPU
		{5CC45D06-9FCB-4AB6-93EE-AB5370E7D7A0}.Debug|x86.ActiveCfg = Debug|Any CPU
		{5CC45D06-9FCB-4AB6-93EE-AB5370E7D7A0}.Debug|x86.Build.0 = Debug|Any CPU
		{5CC45D06-9FCB-4AB6-93EE-AB5370E7D7A0}.Release|Any CPU.ActiveCfg = Release|Any CPU
		{5CC45D06-9FCB-4AB6-93EE-AB5370E7D7A0}.Release|Any CPU.Build.0 = Release|Any CPU
		{5CC45D06-9FCB-4AB6-93EE-AB5370E7D7A0}.Release|x64.ActiveCfg = Release|Any CPU
		{5CC45D06-9FCB-4AB6-93EE-AB5370E7D7A0}.Release|x64.Build.0 = Release|Any CPU
		{5CC45D06-9FCB-4AB6-93EE-AB5370E7D7A0}.Release|x86.ActiveCfg = Release|Any CPU
		{5CC45D06-9FCB-4AB6-93EE-AB5370E7D7A0}.Release|x86.Build.0 = Release|Any CPU
	EndGlobalSection
	GlobalSection(SolutionProperties) = preSolution
		HideSolutionNode = FALSE
	EndGlobalSection
	GlobalSection(NestedProjects) = preSolution
		{466B635C-8FA7-432B-B167-5AD2BEED03DA} = {827E0CD3-B72D-47B6-A68D-7590B98EB39B}
		{989C9026-CBBD-4160-B732-D3D6198F90D3} = {827E0CD3-B72D-47B6-A68D-7590B98EB39B}
		{D35E0C19-EFA9-43FA-AD9B-961E72D61894} = {827E0CD3-B72D-47B6-A68D-7590B98EB39B}
		{AE7DDD95-A59A-4AE1-9B3B-F431BB0B8096} = {827E0CD3-B72D-47B6-A68D-7590B98EB39B}
		{B4769E20-31BA-42E4-A9AC-F792A41E5203} = {827E0CD3-B72D-47B6-A68D-7590B98EB39B}
		{5CC45D06-9FCB-4AB6-93EE-AB5370E7D7A0} = {827E0CD3-B72D-47B6-A68D-7590B98EB39B}
	EndGlobalSection
EndGlobal
